
Microsoft Visual Studio Solution File, Format Version 12.00
Project("{F2A71F9B-5D33-465A-A702-920D77279786}") = "ExpertGenerator", "ExpertGenerator\ExpertGenerator.fsproj", "{039754E2-5A46-4F9F-BC60-7749EDAA477B}"
EndProject
Global
	GlobalSection(SolutionConfigurationPlatforms) = preSolution
		Debug|Any CPU = Debug|Any CPU
		Release|Any CPU = Release|Any CPU
	EndGlobalSection
	GlobalSection(ProjectConfigurationPlatforms) = postSolution
		{039754E2-5A46-4F9F-BC60-7749EDAA477B}.Debug|Any CPU.ActiveCfg = Debug|Any CPU
		{039754E2-5A46-4F9F-BC60-7749EDAA477B}.Debug|Any CPU.Build.0 = Debug|Any CPU
		{039754E2-5A46-4F9F-BC60-7749EDAA477B}.Release|Any CPU.ActiveCfg = Release|Any CPU
		{039754E2-5A46-4F9F-BC60-7749EDAA477B}.Release|Any CPU.Build.0 = Release|Any CPU
	EndGlobalSection
EndGlobal
